
Microsoft Visual Studio Solution File, Format Version 12.00
# Visual Studio 15
VisualStudioVersion = 15.0.27428.2015
MinimumVisualStudioVersion = 10.0.40219.1
Project("{FAE04EC0-301F-11D3-BF4B-00C04F79EFBC}") = "SiloHost", "SiloHost\SiloHost.csproj", "{9090AB8B-2E6A-4503-BDE8-E23FFC2E6974}"
EndProject
Project("{FAE04EC0-301F-11D3-BF4B-00C04F79EFBC}") = "Grains", "Grains\Grains.csproj", "{DD62107E-DC27-4EA9-B0BD-D1E9EE47C32C}"
EndProject
Global
	GlobalSection(SolutionConfigurationPlatforms) = preSolution
		Debug|Any CPU = Debug|Any CPU
		Release|Any CPU = Release|Any CPU
	EndGlobalSection
	GlobalSection(ProjectConfigurationPlatforms) = postSolution
		{9090AB8B-2E6A-4503-BDE8-E23FFC2E6974}.Debug|Any CPU.ActiveCfg = Debug|Any CPU
		{9090AB8B-2E6A-4503-BDE8-E23FFC2E6974}.Debug|Any CPU.Build.0 = Debug|Any CPU
		{9090AB8B-2E6A-4503-BDE8-E23FFC2E6974}.Release|Any CPU.ActiveCfg = Release|Any CPU
		{9090AB8B-2E6A-4503-BDE8-E23FFC2E6974}.Release|Any CPU.Build.0 = Release|Any CPU
		{DD62107E-DC27-4EA9-B0BD-D1E9EE47C32C}.Debug|Any CPU.ActiveCfg = Debug|Any CPU
		{DD62107E-DC27-4EA9-B0BD-D1E9EE47C32C}.Debug|Any CPU.Build.0 = Debug|Any CPU
		{DD62107E-DC27-4EA9-B0BD-D1E9EE47C32C}.Release|Any CPU.ActiveCfg = Release|Any CPU
		{DD62107E-DC27-4EA9-B0BD-D1E9EE47C32C}.Release|Any CPU.Build.0 = Release|Any CPU
	EndGlobalSection
	GlobalSection(SolutionProperties) = preSolution
		HideSolutionNode = FALSE
	EndGlobalSection
	GlobalSection(ExtensibilityGlobals) = postSolution
		SolutionGuid = {47A84ACB-D5EA-4BC7-9370-A6291F624EBF}
	EndGlobalSection
EndGlobal
